// !$*UTF8*$!
{
	archiveVersion = 1;
	classes = {
	};
	objectVersion = 46;
	objects = {

/* Begin PBXBuildFile section */
		3A7A58571B81D576001B1FF0 /* main.m in Sources */ = {isa = PBXBuildFile; fileRef = 3A7A58561B81D576001B1FF0 /* main.m */; };
		3A7A585A1B81D576001B1FF0 /* AppDelegate.m in Sources */ = {isa = PBXBuildFile; fileRef = 3A7A58591B81D576001B1FF0 /* AppDelegate.m */; };
		3A7A585D1B81D576001B1FF0 /* ViewController.m in Sources */ = {isa = PBXBuildFile; fileRef = 3A7A585C1B81D576001B1FF0 /* ViewController.m */; };
		3A7A58601B81D576001B1FF0 /* Main.storyboard in Resources */ = {isa = PBXBuildFile; fileRef = 3A7A585E1B81D576001B1FF0 /* Main.storyboard */; };
		3A7A58621B81D576001B1FF0 /* Images.xcassets in Resources */ = {isa = PBXBuildFile; fileRef = 3A7A58611B81D576001B1FF0 /* Images.xcassets */; };
		3A7A58651B81D576001B1FF0 /* LaunchScreen.xib in Resources */ = {isa = PBXBuildFile; fileRef = 3A7A58631B81D576001B1FF0 /* LaunchScreen.xib */; };
		3A7A58711B81D576001B1FF0 /* NewTEstTests.m in Sources */ = {isa = PBXBuildFile; fileRef = 3A7A58701B81D576001B1FF0 /* NewTEstTests.m */; };
/* End PBXBuildFile section */

/* Begin PBXContainerItemProxy section */
		3A7A586B1B81D576001B1FF0 /* PBXContainerItemProxy */ = {
			isa = PBXContainerItemProxy;
			containerPortal = 3A7A58491B81D576001B1FF0 /* Project object */;
			proxyType = 1;
			remoteGlobalIDString = 3A7A58501B81D576001B1FF0;
			remoteInfo = NewTEst;
		};
/* End PBXContainerItemProxy section */

/* Begin PBXFileReference section */
		3A7A58511B81D576001B1FF0 /* NewTEst.app */ = {isa = PBXFileReference; explicitFileType = wrapper.application; includeInIndex = 0; path = NewTEst.app; sourceTree = BUILT_PRODUCTS_DIR; };
		3A7A58551B81D576001B1FF0 /* Info.plist */ = {isa = PBXFileReference; lastKnownFileType = text.plist.xml; path = Info.plist; sourceTree = "<group>"; };
		3A7A58561B81D576001B1FF0 /* main.m */ = {isa = PBXFileReference; lastKnownFileType = sourcecode.c.objc; path = main.m; sourceTree = "<group>"; };
		3A7A58581B81D576001B1FF0 /* AppDelegate.h */ = {isa = PBXFileReference; lastKnownFileType = sourcecode.c.h; path = AppDelegate.h; sourceTree = "<group>"; };
		3A7A58591B81D576001B1FF0 /* AppDelegate.m */ = {isa = PBXFileReference; lastKnownFileType = sourcecode.c.objc; path = AppDelegate.m; sourceTree = "<group>"; };
		3A7A585B1B81D576001B1FF0 /* ViewController.h */ = {isa = PBXFileReference; lastKnownFileType = sourcecode.c.h; path = ViewController.h; sourceTree = "<group>"; };
		3A7A585C1B81D576001B1FF0 /* ViewController.m */ = {isa = PBXFileReference; lastKnownFileType = sourcecode.c.objc; path = ViewController.m; sourceTree = "<group>"; };
		3A7A585F1B81D576001B1FF0 /* Base */ = {isa = PBXFileReference; lastKnownFileType = file.storyboard; name = Base; path = Base.lproj/Main.storyboard; sourceTree = "<group>"; };
		3A7A58611B81D576001B1FF0 /* Images.xcassets */ = {isa = PBXFileReference; lastKnownFileType = folder.assetcatalog; path = Images.xcassets; sourceTree = "<group>"; };
		3A7A58641B81D576001B1FF0 /* Base */ = {isa = PBXFileReference; lastKnownFileType = file.xib; name = Base; path = Base.lproj/LaunchScreen.xib; sourceTree = "<group>"; };
		3A7A586A1B81D576001B1FF0 /* NewTEstTests.xctest */ = {isa = PBXFileReference; explicitFileType = wrapper.cfbundle; includeInIndex = 0; path = NewTEstTests.xctest; sourceTree = BUILT_PRODUCTS_DIR; };
		3A7A586F1B81D576001B1FF0 /* Info.plist */ = {isa = PBXFileReference; lastKnownFileType = text.plist.xml; path = Info.plist; sourceTree = "<group>"; };
		3A7A58701B81D576001B1FF0 /* NewTEstTests.m */ = {isa = PBXFileReference; lastKnownFileType = sourcecode.c.objc; path = NewTEstTests.m; sourceTree = "<group>"; };
/* End PBXFileReference section */

/* Begin PBXFrameworksBuildPhase section */
		3A7A584E1B81D576001B1FF0 /* Frameworks */ = {
			isa = PBXFrameworksBuildPhase;
			buildActionMask = 2147483647;
			files = (
			);
			runOnlyForDeploymentPostprocessing = 0;
		};
		3A7A58671B81D576001B1FF0 /* Frameworks */ = {
			isa = PBXFrameworksBuildPhase;
			buildActionMask = 2147483647;
			files = (
			);
			runOnlyForDeploymentPostprocessing = 0;
		};
/* End PBXFrameworksBuildPhase section */

/* Begin PBXGroup section */
		3A7A58481B81D576001B1FF0 = {
			isa = PBXGroup;
			children = (
				3A7A58531B81D576001B1FF0 /* NewTEst */,
				3A7A586D1B81D576001B1FF0 /* NewTEstTests */,
				3A7A58521B81D576001B1FF0 /* Products */,
			);
			sourceTree = "<group>";
		};
		3A7A58521B81D576001B1FF0 /* Products */ = {
			isa = PBXGroup;
			children = (
				3A7A58511B81D576001B1FF0 /* NewTEst.app */,
				3A7A586A1B81D576001B1FF0 /* NewTEstTests.xctest */,
			);
			name = Products;
			sourceTree = "<group>";
		};
		3A7A58531B81D576001B1FF0 /* NewTEst */ = {
			isa = PBXGroup;
			children = (
				3A7A58581B81D576001B1FF0 /* AppDelegate.h */,
				3A7A58591B81D576001B1FF0 /* AppDelegate.m */,
				3A7A585B1B81D576001B1FF0 /* ViewController.h */,
				3A7A585C1B81D576001B1FF0 /* ViewController.m */,
				3A7A585E1B81D576001B1FF0 /* Main.storyboard */,
				3A7A58611B81D576001B1FF0 /* Images.xcassets */,
				3A7A58631B81D576001B1FF0 /* LaunchScreen.xib */,
				3A7A58541B81D576001B1FF0 /* Supporting Files */,
			);
			path = NewTEst;
			sourceTree = "<group>";
		};
		3A7A58541B81D576001B1FF0 /* Supporting Files */ = {
			isa = PBXGroup;
			children = (
				3A7A58551B81D576001B1FF0 /* Info.plist */,
				3A7A58561B81D576001B1FF0 /* main.m */,
			);
			name = "Supporting Files";
			sourceTree = "<group>";
		};
		3A7A586D1B81D576001B1FF0 /* NewTEstTests */ = {
			isa = PBXGroup;
			children = (
				3A7A58701B81D576001B1FF0 /* NewTEstTests.m */,
				3A7A586E1B81D576001B1FF0 /* Supporting Files */,
			);
			path = NewTEstTests;
			sourceTree = "<group>";
		};
		3A7A586E1B81D576001B1FF0 /* Supporting Files */ = {
			isa = PBXGroup;
			children = (
				3A7A586F1B81D576001B1FF0 /* Info.plist */,
			);
			name = "Supporting Files";
			sourceTree = "<group>";
		};
/* End PBXGroup section */

/* Begin PBXNativeTarget section */
		3A7A58501B81D576001B1FF0 /* NewTEst */ = {
			isa = PBXNativeTarget;
			buildConfigurationList = 3A7A58741B81D576001B1FF0 /* Build configuration list for PBXNativeTarget "NewTEst" */;
			buildPhases = (
				3A7A584D1B81D576001B1FF0 /* Sources */,
				3A7A584E1B81D576001B1FF0 /* Frameworks */,
				3A7A584F1B81D576001B1FF0 /* Resources */,
			);
			buildRules = (
			);
			dependencies = (
			);
			name = NewTEst;
			productName = NewTEst;
			productReference = 3A7A58511B81D576001B1FF0 /* NewTEst.app */;
			productType = "com.apple.product-type.application";
		};
		3A7A58691B81D576001B1FF0 /* NewTEstTests */ = {
			isa = PBXNativeTarget;
			buildConfigurationList = 3A7A58771B81D576001B1FF0 /* Build configuration list for PBXNativeTarget "NewTEstTests" */;
			buildPhases = (
				3A7A58661B81D576001B1FF0 /* Sources */,
				3A7A58671B81D576001B1FF0 /* Frameworks */,
				3A7A58681B81D576001B1FF0 /* Resources */,
			);
			buildRules = (
			);
			dependencies = (
				3A7A586C1B81D576001B1FF0 /* PBXTargetDependency */,
			);
			name = NewTEstTests;
			productName = NewTEstTests;
			productReference = 3A7A586A1B81D576001B1FF0 /* NewTEstTests.xctest */;
			productType = "com.apple.product-type.bundle.unit-test";
		};
/* End PBXNativeTarget section */

/* Begin PBXProject section */
		3A7A58491B81D576001B1FF0 /* Project object */ = {
			isa = PBXProject;
			attributes = {
				LastUpgradeCheck = 0630;
				ORGANIZATIONNAME = "Shine Technolab";
				TargetAttributes = {
					3A7A58501B81D576001B1FF0 = {
						CreatedOnToolsVersion = 6.3;
					};
					3A7A58691B81D576001B1FF0 = {
						CreatedOnToolsVersion = 6.3;
						TestTargetID = 3A7A58501B81D576001B1FF0;
					};
				};
			};
			buildConfigurationList = 3A7A584C1B81D576001B1FF0 /* Build configuration list for PBXProject "NewTEst" */;
			compatibilityVersion = "Xcode 3.2";
			developmentRegion = English;
			hasScannedForEncodings = 0;
			knownRegions = (
				en,
				Base,
			);
			mainGroup = 3A7A58481B81D576001B1FF0;
			productRefGroup = 3A7A58521B81D576001B1FF0 /* Products */;
			projectDirPath = "";
			projectRoot = "";
			targets = (
				3A7A58501B81D576001B1FF0 /* NewTEst */,
				3A7A58691B81D576001B1FF0 /* NewTEstTests */,
			);
		};
/* End PBXProject section */

/* Begin PBXResourcesBuildPhase section */
		3A7A584F1B81D576001B1FF0 /* Resources */ = {
			isa = PBXResourcesBuildPhase;
			buildActionMask = 2147483647;
			files = (
				3A7A58601B81D576001B1FF0 /* Main.storyboard in Resources */,
				3A7A58651B81D576001B1FF0 /* LaunchScreen.xib in Resources */,
				3A7A58621B81D576001B1FF0 /* Images.xcassets in Resources */,
			);
			runOnlyForDeploymentPostprocessing = 0;
		};
		3A7A58681B81D576001B1FF0 /* Resources */ = {
			isa = PBXResourcesBuildPhase;
			buildActionMask = 2147483647;
			files = (
			);
			runOnlyForDeploymentPostprocessing = 0;
		};
/* End PBXResourcesBuildPhase section */

/* Begin PBXSourcesBuildPhase section */
		3A7A584D1B81D576001B1FF0 /* Sources */ = {
			isa = PBXSourcesBuildPhase;
			buildActionMask = 2147483647;
			files = (
				3A7A585D1B81D576001B1FF0 /* ViewController.m in Sources */,
				3A7A585A1B81D576001B1FF0 /* AppDelegate.m in Sources */,
				3A7A58571B81D576001B1FF0 /* main.m in Sources */,
			);
			runOnlyForDeploymentPostprocessing = 0;
		};
		3A7A58661B81D576001B1FF0 /* Sources */ = {
			isa = PBXSourcesBuildPhase;
			buildActionMask = 2147483647;
			files = (
				3A7A58711B81D576001B1FF0 /* NewTEstTests.m in Sources */,
			);
			runOnlyForDeploymentPostprocessing = 0;
		};
/* End PBXSourcesBuildPhase section */

/* Begin PBXTargetDependency section */
		3A7A586C1B81D576001B1FF0 /* PBXTargetDependency */ = {
			isa = PBXTargetDependency;
			target = 3A7A58501B81D576001B1FF0 /* NewTEst */;
			targetProxy = 3A7A586B1B81D576001B1FF0 /* PBXContainerItemProxy */;
		};
/* End PBXTargetDependency section */

/* Begin PBXVariantGroup section */
		3A7A585E1B81D576001B1FF0 /* Main.storyboard */ = {
			isa = PBXVariantGroup;
			children = (
				3A7A585F1B81D576001B1FF0 /* Base */,
			);
			name = Main.storyboard;
			sourceTree = "<group>";
		};
		3A7A58631B81D576001B1FF0 /* LaunchScreen.xib */ = {
			isa = PBXVariantGroup;
			children = (
				3A7A58641B81D576001B1FF0 /* Base */,
			);
			name = LaunchScreen.xib;
			sourceTree = "<group>";
		};
/* End PBXVariantGroup section */

/* Begin XCBuildConfiguration section */
		3A7A58721B81D576001B1FF0 /* Debug */ = {
			isa = XCBuildConfiguration;
			buildSettings = {
				ALWAYS_SEARCH_USER_PATHS = NO;
				CLANG_CXX_LANGUAGE_STANDARD = "gnu++0x";
				CLANG_CXX_LIBRARY = "libc++";
				CLANG_ENABLE_MODULES = YES;
				CLANG_ENABLE_OBJC_ARC = YES;
				CLANG_WARN_BOOL_CONVERSION = YES;
				CLANG_WARN_CONSTANT_CONVERSION = YES;
				CLANG_WARN_DIRECT_OBJC_ISA_USAGE = YES_ERROR;
				CLANG_WARN_EMPTY_BODY = YES;
				CLANG_WARN_ENUM_CONVERSION = YES;
				CLANG_WARN_INT_CONVERSION = YES;
				CLANG_WARN_OBJC_ROOT_CLASS = YES_ERROR;
				CLANG_WARN_UNREACHABLE_CODE = YES;
				CLANG_WARN__DUPLICATE_METHOD_MATCH = YES;
				"CODE_SIGN_IDENTITY[sdk=iphoneos*]" = "iPhone Developer";
				COPY_PHASE_STRIP = NO;
				DEBUG_INFORMATION_FORMAT = "dwarf-with-dsym";
				ENABLE_STRICT_OBJC_MSGSEND = YES;
				GCC_C_LANGUAGE_STANDARD = gnu99;
				GCC_DYNAMIC_NO_PIC = NO;
				GCC_NO_COMMON_BLOCKS = YES;
				GCC_OPTIMIZATION_LEVEL = 0;
				GCC_PREPROCESSOR_DEFINITIONS = (
					"DEBUG=1",
					"$(inherited)",
				);
				GCC_SYMBOLS_PRIVATE_EXTERN = NO;
				GCC_WARN_64_TO_32_BIT_CONVERSION = YES;
				GCC_WARN_ABOUT_RETURN_TYPE = YES_ERROR;
				GCC_WARN_UNDECLARED_SELECTOR = YES;
				GCC_WARN_UNINITIALIZED_AUTOS = YES_AGGRESSIVE;
				GCC_WARN_UNUSED_FUNCTION = YES;
				GCC_WARN_UNUSED_VARIABLE = YES;
				IPHONEOS_DEPLOYMENT_TARGET = 8.3;
				MTL_ENABLE_DEBUG_INFO = YES;
				ONLY_ACTIVE_ARCH = YES;
				SDKROOT = iphoneos;
			};
			name = Debug;
		};
		3A7A58731B81D576001B1FF0 /* Release */ = {
			isa = XCBuildConfiguration;
			buildSettings = {
				ALWAYS_SEARCH_USER_PATHS = NO;
				CLANG_CXX_LANGUAGE_STANDARD = "gnu++0x";
				CLANG_CXX_LIBRARY = "libc++";
				CLANG_ENABLE_MODULES = YES;
				CLANG_ENABLE_OBJC_ARC = YES;
				CLANG_WARN_BOOL_CONVERSION = YES;
				CLANG_WARN_CONSTANT_CONVERSION = YES;
				CLANG_WARN_DIRECT_OBJC_ISA_USAGE = YES_ERROR;
				CLANG_WARN_EMPTY_BODY = YES;
				CLANG_WARN_ENUM_CONVERSION = YES;
				CLANG_WARN_INT_CONVERSION = YES;
				CLANG_WARN_OBJC_ROOT_CLASS = YES_ERROR;
				CLANG_WARN_UNREACHABLE_CODE = YES;
				CLANG_WARN__DUPLICATE_METHOD_MATCH = YES;
				"CODE_SIGN_IDENTITY[sdk=iphoneos*]" = "iPhone Developer";
				COPY_PHASE_STRIP = NO;
				DEBUG_INFORMATION_FORMAT = "dwarf-with-dsym";
				ENABLE_NS_ASSERTIONS = NO;
				ENABLE_STRICT_OBJC_MSGSEND = YES;
				GCC_C_LANGUAGE_STANDARD = gnu99;
				GCC_NO_COMMON_BLOCKS = YES;
				GCC_WARN_64_TO_32_BIT_CONVERSION = YES;
				GCC_WARN_ABOUT_RETURN_TYPE = YES_ERROR;
				GCC_WARN_UNDECLARED_SELECTOR = YES;
				GCC_WARN_UNINITIALIZED_AUTOS = YES_AGGRESSIVE;
				GCC_WARN_UNUSED_FUNCTION = YES;
				GCC_WARN_UNUSED_VARIABLE = YES;
				IPHONEOS_DEPLOYMENT_TARGET = 8.3;
				MTL_ENABLE_DEBUG_INFO = NO;
				SDKROOT = iphoneos;
				VALIDATE_PRODUCT = YES;
			};
			name = Release;
		};
		3A7A58751B81D576001B1FF0 /* Debug */ = {
			isa = XCBuildConfiguration;
			buildSettings = {
				ASSETCATALOG_COMPILER_APPICON_NAME = AppIcon;
				INFOPLIST_FILE = NewTEst/Info.plist;
				LD_RUNPATH_SEARCH_PATHS = "$(inherited) @executable_path/Frameworks";
				PRODUCT_NAME = "$(TARGET_NAME)";
			};
			name = Debug;
		};
		3A7A58761B81D576001B1FF0 /* Release */ = {
			isa = XCBuildConfiguration;
			buildSettings = {
				ASSETCATALOG_COMPILER_APPICON_NAME = AppIcon;
				INFOPLIST_FILE = NewTEst/Info.plist;
				LD_RUNPATH_SEARCH_PATHS = "$(inherited) @executable_path/Frameworks";
				PRODUCT_NAME = "$(TARGET_NAME)";
			};
			name = Release;
		};
		3A7A58781B81D576001B1FF0 /* Debug */ = {
			isa = XCBuildConfiguration;
			buildSettings = {
				BUNDLE_LOADER = "$(TEST_HOST)";
				FRAMEWORK_SEARCH_PATHS = (
					"$(SDKROOT)/Developer/Library/Frameworks",
					"$(inherited)",
				);
				GCC_PREPROCESSOR_DEFINITIONS = (
					"DEBUG=1",
					"$(inherited)",
				);
				INFOPLIST_FILE = NewTEstTests/Info.plist;
				LD_RUNPATH_SEARCH_PATHS = "$(inherited) @executable_path/Frameworks @loader_path/Frameworks";
				PRODUCT_NAME = "$(TARGET_NAME)";
				TEST_HOST = "$(BUILT_PRODUCTS_DIR)/NewTEst.app/NewTEst";
			};
			name = Debug;
		};
		3A7A58791B81D576001B1FF0 /* Release */ = {
			isa = XCBuildConfiguration;
			buildSettings = {
				BUNDLE_LOADER = "$(TEST_HOST)";
				FRAMEWORK_SEARCH_PATHS = (
					"$(SDKROOT)/Developer/Library/Frameworks",
					"$(inherited)",
				);
				INFOPLIST_FILE = NewTEstTests/Info.plist;
				LD_RUNPATH_SEARCH_PATHS = "$(inherited) @executable_path/Frameworks @loader_path/Frameworks";
				PRODUCT_NAME = "$(TARGET_NAME)";
				TEST_HOST = "$(BUILT_PRODUCTS_DIR)/NewTEst.app/NewTEst";
			};
			name = Release;
		};
/* End XCBuildConfiguration section */

/* Begin XCConfigurationList section */
		3A7A584C1B81D576001B1FF0 /* Build configuration list for PBXProject "NewTEst" */ = {
			isa = XCConfigurationList;
			buildConfigurations = (
				3A7A58721B81D576001B1FF0 /* Debug */,
				3A7A58731B81D576001B1FF0 /* Release */,
			);
			defaultConfigurationIsVisible = 0;
			defaultConfigurationName = Release;
		};
		3A7A58741B81D576001B1FF0 /* Build configuration list for PBXNativeTarget "NewTEst" */ = {
			isa = XCConfigurationList;
			buildConfigurations = (
				3A7A58751B81D576001B1FF0 /* Debug */,
				3A7A58761B81D576001B1FF0 /* Release */,
			);
			defaultConfigurationIsVisible = 0;
			defaultConfigurationName = Release;
		};
		3A7A58771B81D576001B1FF0 /* Build configuration list for PBXNativeTarget "NewTEstTests" */ = {
			isa = XCConfigurationList;
			buildConfigurations = (
				3A7A58781B81D576001B1FF0 /* Debug */,
				3A7A58791B81D576001B1FF0 /* Release */,
			);
			defaultConfigurationIsVisible = 0;
			defaultConfigurationName = Release;
		};
/* End XCConfigurationList section */
	};
	rootObject = 3A7A58491B81D576001B1FF0 /* Project object */;
}
